
Microsoft Visual Studio Solution File, Format Version 11.00
# Visual Studio 2010
Project("{FAE04EC0-301F-11D3-BF4B-00C04F79EFBC}") = "Resume.iOS", "Resume.iOS\Resume.iOS.csproj", "{59367DBC-C8C7-4622-A1B6-58C6FC884DC9}"
EndProject
Project("{FAE04EC0-301F-11D3-BF4B-00C04F79EFBC}") = "Resume.Droid", "Resume.Droid\Resume.Droid.csproj", "{29458EB5-7185-455C-A6BC-475B4F955589}"
EndProject
Project("{2150E333-8FDC-42A3-9474-1A3956D46DE8}") = "Resume.Core", "Resume.Core", "{66AB69AB-B45C-46D1-9389-B3658C53B871}"
EndProject
Project("{FAE04EC0-301F-11D3-BF4B-00C04F79EFBC}") = "Resume.iOS.Core", "Resume.Core\Resume.iOS.Core.csproj", "{2EC46883-E941-48D7-9CC4-74777106F257}"
EndProject
Project("{FAE04EC0-301F-11D3-BF4B-00C04F79EFBC}") = "Resume.Droid.Core", "Resume.Core\Resume.Droid.Core.csproj", "{964108CB-E987-42F6-B206-4BCABC77CF20}"
EndProject
Global
	GlobalSection(SolutionConfigurationPlatforms) = preSolution
		Debug|iPhoneSimulator = Debug|iPhoneSimulator
		Release|iPhoneSimulator = Release|iPhoneSimulator
		Debug|iPhone = Debug|iPhone
		Release|iPhone = Release|iPhone
		Ad-Hoc|iPhone = Ad-Hoc|iPhone
		AppStore|iPhone = AppStore|iPhone
	EndGlobalSection
	GlobalSection(ProjectConfigurationPlatforms) = postSolution
		{29458EB5-7185-455C-A6BC-475B4F955589}.Ad-Hoc|iPhone.ActiveCfg = Release|Any CPU
		{29458EB5-7185-455C-A6BC-475B4F955589}.Ad-Hoc|iPhone.Build.0 = Release|Any CPU
		{29458EB5-7185-455C-A6BC-475B4F955589}.AppStore|iPhone.ActiveCfg = Release|Any CPU
		{29458EB5-7185-455C-A6BC-475B4F955589}.AppStore|iPhone.Build.0 = Release|Any CPU
		{29458EB5-7185-455C-A6BC-475B4F955589}.Debug|iPhone.ActiveCfg = Debug|Any CPU
		{29458EB5-7185-455C-A6BC-475B4F955589}.Debug|iPhone.Build.0 = Debug|Any CPU
		{29458EB5-7185-455C-A6BC-475B4F955589}.Debug|iPhoneSimulator.ActiveCfg = Debug|Any CPU
		{29458EB5-7185-455C-A6BC-475B4F955589}.Debug|iPhoneSimulator.Build.0 = Debug|Any CPU
		{29458EB5-7185-455C-A6BC-475B4F955589}.Release|iPhone.ActiveCfg = Release|Any CPU
		{29458EB5-7185-455C-A6BC-475B4F955589}.Release|iPhone.Build.0 = Release|Any CPU
		{29458EB5-7185-455C-A6BC-475B4F955589}.Release|iPhoneSimulator.ActiveCfg = Release|Any CPU
		{29458EB5-7185-455C-A6BC-475B4F955589}.Release|iPhoneSimulator.Build.0 = Release|Any CPU
		{2EC46883-E941-48D7-9CC4-74777106F257}.Ad-Hoc|iPhone.ActiveCfg = Release|Any CPU
		{2EC46883-E941-48D7-9CC4-74777106F257}.Ad-Hoc|iPhone.Build.0 = Release|Any CPU
		{2EC46883-E941-48D7-9CC4-74777106F257}.AppStore|iPhone.ActiveCfg = Release|Any CPU
		{2EC46883-E941-48D7-9CC4-74777106F257}.AppStore|iPhone.Build.0 = Release|Any CPU
		{2EC46883-E941-48D7-9CC4-74777106F257}.Debug|iPhone.ActiveCfg = Debug|Any CPU
		{2EC46883-E941-48D7-9CC4-74777106F257}.Debug|iPhone.Build.0 = Debug|Any CPU
		{2EC46883-E941-48D7-9CC4-74777106F257}.Debug|iPhoneSimulator.ActiveCfg = Debug|Any CPU
		{2EC46883-E941-48D7-9CC4-74777106F257}.Debug|iPhoneSimulator.Build.0 = Debug|Any CPU
		{2EC46883-E941-48D7-9CC4-74777106F257}.Release|iPhone.ActiveCfg = Release|Any CPU
		{2EC46883-E941-48D7-9CC4-74777106F257}.Release|iPhone.Build.0 = Release|Any CPU
		{2EC46883-E941-48D7-9CC4-74777106F257}.Release|iPhoneSimulator.ActiveCfg = Release|Any CPU
		{2EC46883-E941-48D7-9CC4-74777106F257}.Release|iPhoneSimulator.Build.0 = Release|Any CPU
		{59367DBC-C8C7-4622-A1B6-58C6FC884DC9}.Ad-Hoc|iPhone.ActiveCfg = Ad-Hoc|iPhone
		{59367DBC-C8C7-4622-A1B6-58C6FC884DC9}.Ad-Hoc|iPhone.Build.0 = Ad-Hoc|iPhone
		{59367DBC-C8C7-4622-A1B6-58C6FC884DC9}.AppStore|iPhone.ActiveCfg = AppStore|iPhone
		{59367DBC-C8C7-4622-A1B6-58C6FC884DC9}.AppStore|iPhone.Build.0 = AppStore|iPhone
		{59367DBC-C8C7-4622-A1B6-58C6FC884DC9}.Debug|iPhone.ActiveCfg = Debug|iPhone
		{59367DBC-C8C7-4622-A1B6-58C6FC884DC9}.Debug|iPhone.Build.0 = Debug|iPhone
		{59367DBC-C8C7-4622-A1B6-58C6FC884DC9}.Debug|iPhoneSimulator.ActiveCfg = Debug|iPhoneSimulator
		{59367DBC-C8C7-4622-A1B6-58C6FC884DC9}.Debug|iPhoneSimulator.Build.0 = Debug|iPhoneSimulator
		{59367DBC-C8C7-4622-A1B6-58C6FC884DC9}.Release|iPhone.ActiveCfg = Release|iPhone
		{59367DBC-C8C7-4622-A1B6-58C6FC884DC9}.Release|iPhone.Build.0 = Release|iPhone
		{59367DBC-C8C7-4622-A1B6-58C6FC884DC9}.Release|iPhoneSimulator.ActiveCfg = Release|iPhoneSimulator
		{59367DBC-C8C7-4622-A1B6-58C6FC884DC9}.Release|iPhoneSimulator.Build.0 = Release|iPhoneSimulator
		{964108CB-E987-42F6-B206-4BCABC77CF20}.Ad-Hoc|iPhone.ActiveCfg = Release|Any CPU
		{964108CB-E987-42F6-B206-4BCABC77CF20}.Ad-Hoc|iPhone.Build.0 = Release|Any CPU
		{964108CB-E987-42F6-B206-4BCABC77CF20}.AppStore|iPhone.ActiveCfg = Release|Any CPU
		{964108CB-E987-42F6-B206-4BCABC77CF20}.AppStore|iPhone.Build.0 = Release|Any CPU
		{964108CB-E987-42F6-B206-4BCABC77CF20}.Debug|iPhone.ActiveCfg = Debug|Any CPU
		{964108CB-E987-42F6-B206-4BCABC77CF20}.Debug|iPhone.Build.0 = Debug|Any CPU
		{964108CB-E987-42F6-B206-4BCABC77CF20}.Debug|iPhoneSimulator.ActiveCfg = Debug|Any CPU
		{964108CB-E987-42F6-B206-4BCABC77CF20}.Debug|iPhoneSimulator.Build.0 = Debug|Any CPU
		{964108CB-E987-42F6-B206-4BCABC77CF20}.Release|iPhone.ActiveCfg = Release|Any CPU
		{964108CB-E987-42F6-B206-4BCABC77CF20}.Release|iPhone.Build.0 = Release|Any CPU
		{964108CB-E987-42F6-B206-4BCABC77CF20}.Release|iPhoneSimulator.ActiveCfg = Release|Any CPU
		{964108CB-E987-42F6-B206-4BCABC77CF20}.Release|iPhoneSimulator.Build.0 = Release|Any CPU
	EndGlobalSection
	GlobalSection(NestedProjects) = preSolution
		{2EC46883-E941-48D7-9CC4-74777106F257} = {66AB69AB-B45C-46D1-9389-B3658C53B871}
		{964108CB-E987-42F6-B206-4BCABC77CF20} = {66AB69AB-B45C-46D1-9389-B3658C53B871}
	EndGlobalSection
	GlobalSection(MonoDevelopProperties) = preSolution
		StartupItem = Resume.Droid\Resume.Droid.csproj
	EndGlobalSection
EndGlobal
